
Microsoft Visual Studio Solution File, Format Version 12.00
# Visual Studio Version 16
VisualStudioVersion = 16.0.30503.244
MinimumVisualStudioVersion = 15.0.26124.0
Project("{2150E333-8FDC-42A3-9474-1A3956D46DE8}") = "Solution Items", "Solution Items", "{B05B19AC-011C-466D-A8C8-F460E274A7C4}"
	ProjectSection(SolutionItems) = preProject
		LICENSE = LICENSE
		README.md = README.md
	EndProjectSection
EndProject
Project("{9A19103F-16F7-4668-BE54-9A1E7A4F7556}") = "Lexica.EF", "Lexica.EF\Lexica.EF.csproj", "{81B49ECC-D2AB-4511-892E-98AB151205D1}"
EndProject
Project("{9A19103F-16F7-4668-BE54-9A1E7A4F7556}") = "Lexica.Core", "Lexica.Core\Lexica.Core.csproj", "{89B2282C-FCBE-408F-B0CF-94C7505FB1F9}"
EndProject
Project("{9A19103F-16F7-4668-BE54-9A1E7A4F7556}") = "Lexica.CoreTests", "Lexica.CoreTests\Lexica.CoreTests.csproj", "{DF27499C-D37C-47B0-BBF9-5F2AF6923260}"
EndProject
Project("{9A19103F-16F7-4668-BE54-9A1E7A4F7556}") = "Lexica.CLI", "Lexica.CLI\Lexica.CLI.csproj", "{B3618C78-79FA-4890-A2B2-1EDF016EE2B0}"
EndProject
Project("{9A19103F-16F7-4668-BE54-9A1E7A4F7556}") = "Lexica.Words", "Lexica.Words\Lexica.Words.csproj", "{3039BEBA-3483-4BB0-9300-5A3A35AF37D1}"
EndProject
Project("{9A19103F-16F7-4668-BE54-9A1E7A4F7556}") = "Lexica.WordsTests", "Lexica.WordsTests\Lexica.WordsTests.csproj", "{E66F3E1A-F316-4E15-B594-17093755EFE8}"
EndProject
Project("{FAE04EC0-301F-11D3-BF4B-00C04F79EFBC}") = "Lexica.MaintainingMode", "Lexica.MaintainingMode\Lexica.MaintainingMode.csproj", "{320F44BC-1894-4340-8494-F26418013883}"
EndProject
Global
	GlobalSection(SolutionConfigurationPlatforms) = preSolution
		Debug|Any CPU = Debug|Any CPU
		Release|Any CPU = Release|Any CPU
	EndGlobalSection
	GlobalSection(ProjectConfigurationPlatforms) = postSolution
		{81B49ECC-D2AB-4511-892E-98AB151205D1}.Debug|Any CPU.ActiveCfg = Debug|Any CPU
		{81B49ECC-D2AB-4511-892E-98AB151205D1}.Debug|Any CPU.Build.0 = Debug|Any CPU
		{81B49ECC-D2AB-4511-892E-98AB151205D1}.Release|Any CPU.ActiveCfg = Release|Any CPU
		{81B49ECC-D2AB-4511-892E-98AB151205D1}.Release|Any CPU.Build.0 = Release|Any CPU
		{89B2282C-FCBE-408F-B0CF-94C7505FB1F9}.Debug|Any CPU.ActiveCfg = Debug|Any CPU
		{89B2282C-FCBE-408F-B0CF-94C7505FB1F9}.Debug|Any CPU.Build.0 = Debug|Any CPU
		{89B2282C-FCBE-408F-B0CF-94C7505FB1F9}.Release|Any CPU.ActiveCfg = Release|Any CPU
		{89B2282C-FCBE-408F-B0CF-94C7505FB1F9}.Release|Any CPU.Build.0 = Release|Any CPU
		{DF27499C-D37C-47B0-BBF9-5F2AF6923260}.Debug|Any CPU.ActiveCfg = Debug|Any CPU
		{DF27499C-D37C-47B0-BBF9-5F2AF6923260}.Debug|Any CPU.Build.0 = Debug|Any CPU
		{DF27499C-D37C-47B0-BBF9-5F2AF6923260}.Release|Any CPU.ActiveCfg = Release|Any CPU
		{DF27499C-D37C-47B0-BBF9-5F2AF6923260}.Release|Any CPU.Build.0 = Release|Any CPU
		{B3618C78-79FA-4890-A2B2-1EDF016EE2B0}.Debug|Any CPU.ActiveCfg = Debug|Any CPU
		{B3618C78-79FA-4890-A2B2-1EDF016EE2B0}.Debug|Any CPU.Build.0 = Debug|Any CPU
		{B3618C78-79FA-4890-A2B2-1EDF016EE2B0}.Release|Any CPU.ActiveCfg = Release|Any CPU
		{B3618C78-79FA-4890-A2B2-1EDF016EE2B0}.Release|Any CPU.Build.0 = Release|Any CPU
		{3039BEBA-3483-4BB0-9300-5A3A35AF37D1}.Debug|Any CPU.ActiveCfg = Debug|Any CPU
		{3039BEBA-3483-4BB0-9300-5A3A35AF37D1}.Debug|Any CPU.Build.0 = Debug|Any CPU
		{3039BEBA-3483-4BB0-9300-5A3A35AF37D1}.Release|Any CPU.ActiveCfg = Release|Any CPU
		{3039BEBA-3483-4BB0-9300-5A3A35AF37D1}.Release|Any CPU.Build.0 = Release|Any CPU
		{E66F3E1A-F316-4E15-B594-17093755EFE8}.Debug|Any CPU.ActiveCfg = Debug|Any CPU
		{E66F3E1A-F316-4E15-B594-17093755EFE8}.Debug|Any CPU.Build.0 = Debug|Any CPU
		{E66F3E1A-F316-4E15-B594-17093755EFE8}.Release|Any CPU.ActiveCfg = Release|Any CPU
		{E66F3E1A-F316-4E15-B594-17093755EFE8}.Release|Any CPU.Build.0 = Release|Any CPU
		{320F44BC-1894-4340-8494-F26418013883}.Debug|Any CPU.ActiveCfg = Debug|Any CPU
		{320F44BC-1894-4340-8494-F26418013883}.Debug|Any CPU.Build.0 = Debug|Any CPU
		{320F44BC-1894-4340-8494-F26418013883}.Release|Any CPU.ActiveCfg = Release|Any CPU
		{320F44BC-1894-4340-8494-F26418013883}.Release|Any CPU.Build.0 = Release|Any CPU
	EndGlobalSection
	GlobalSection(SolutionProperties) = preSolution
		HideSolutionNode = FALSE
	EndGlobalSection
	GlobalSection(ExtensibilityGlobals) = postSolution
		SolutionGuid = {31C6152C-6E77-4AB8-B036-AEB47B928420}
	EndGlobalSection
EndGlobal
